
Microsoft Visual Studio Solution File, Format Version 12.00
# Visual Studio Version 16
VisualStudioVersion = 16.0.31019.35
MinimumVisualStudioVersion = 10.0.40219.1
Project("{FAE04EC0-301F-11D3-BF4B-00C04F79EFBC}") = "ElcomTest", "ElcomTest.csproj", "{210F7B99-798D-4AFE-8239-11223F0903A1}"
EndProject
Global
	GlobalSection(SolutionConfigurationPlatforms) = preSolution
		Debug|Any CPU = Debug|Any CPU
		Release|Any CPU = Release|Any CPU
	EndGlobalSection
	GlobalSection(ProjectConfigurationPlatforms) = postSolution
		{210F7B99-798D-4AFE-8239-11223F0903A1}.Debug|Any CPU.ActiveCfg = Debug|Any CPU
		{210F7B99-798D-4AFE-8239-11223F0903A1}.Debug|Any CPU.Build.0 = Debug|Any CPU
		{210F7B99-798D-4AFE-8239-11223F0903A1}.Release|Any CPU.ActiveCfg = Release|Any CPU
		{210F7B99-798D-4AFE-8239-11223F0903A1}.Release|Any CPU.Build.0 = Release|Any CPU
	EndGlobalSection
	GlobalSection(SolutionProperties) = preSolution
		HideSolutionNode = FALSE
	EndGlobalSection
	GlobalSection(ExtensibilityGlobals) = postSolution
		SolutionGuid = {8CA3A57E-AA41-4B3B-B9BD-C5DA555E4ABC}
	EndGlobalSection
EndGlobal
